
Microsoft Visual Studio Solution File, Format Version 12.00
# Visual Studio 2013
VisualStudioVersion = 12.0.31101.0
MinimumVisualStudioVersion = 10.0.40219.1
Project("{2150E333-8FDC-42A3-9474-1A3956D46DE8}") = "1.1 Presentation Layer", "1.1 Presentation Layer", "{24EC99AF-1B21-47EE-9A67-F24AD97D4313}"
EndProject
Project("{2150E333-8FDC-42A3-9474-1A3956D46DE8}") = "1.3 Application Layer", "1.3 Application Layer", "{55AB754A-57EA-4C0C-AAC1-CEA9F0F4CF15}"
EndProject
Project("{2150E333-8FDC-42A3-9474-1A3956D46DE8}") = "1.4 Domain Layer", "1.4 Domain Layer", "{9090518A-F4DF-4637-8C6B-BF43B7D6F9B0}"
EndProject
Project("{2150E333-8FDC-42A3-9474-1A3956D46DE8}") = "0 - Modeling and Design", "0 - Modeling and Design", "{DC4190DA-A6AF-4190-B3BB-70BB0AC07413}"
EndProject
Project("{2150E333-8FDC-42A3-9474-1A3956D46DE8}") = "1 - Layers", "1 - Layers", "{1FA32521-F339-4755-BAE0-237223E68125}"
EndProject
Project("{2150E333-8FDC-42A3-9474-1A3956D46DE8}") = "1.2 Distributed Services", "1.2 Distributed Services", "{C31DBF2A-ED4D-438D-9CA8-3465D09934E4}"
EndProject
Project("{2150E333-8FDC-42A3-9474-1A3956D46DE8}") = "1.5 Infrastructure", "1.5 Infrastructure", "{DC07802D-AAE7-4EDD-9CE3-59F691248EC8}"
EndProject
Project("{2150E333-8FDC-42A3-9474-1A3956D46DE8}") = "2- Database", "2- Database", "{4A248DE8-CB21-4BF3-9130-32255AB1695F}"
EndProject
Project("{2150E333-8FDC-42A3-9474-1A3956D46DE8}") = "1.6 Test", "1.6 Test", "{B5FDE5B3-B231-4DDF-99D2-081AF824ED8B}"
EndProject
Global
	GlobalSection(SolutionProperties) = preSolution
		HideSolutionNode = FALSE
	EndGlobalSection
	GlobalSection(NestedProjects) = preSolution
		{24EC99AF-1B21-47EE-9A67-F24AD97D4313} = {1FA32521-F339-4755-BAE0-237223E68125}
		{55AB754A-57EA-4C0C-AAC1-CEA9F0F4CF15} = {1FA32521-F339-4755-BAE0-237223E68125}
		{9090518A-F4DF-4637-8C6B-BF43B7D6F9B0} = {1FA32521-F339-4755-BAE0-237223E68125}
		{C31DBF2A-ED4D-438D-9CA8-3465D09934E4} = {1FA32521-F339-4755-BAE0-237223E68125}
		{DC07802D-AAE7-4EDD-9CE3-59F691248EC8} = {1FA32521-F339-4755-BAE0-237223E68125}
		{B5FDE5B3-B231-4DDF-99D2-081AF824ED8B} = {1FA32521-F339-4755-BAE0-237223E68125}
	EndGlobalSection
EndGlobal
